
Microsoft Visual Studio Solution File, Format Version 12.00
# Visual Studio Version 16
VisualStudioVersion = 16.0.31229.75
MinimumVisualStudioVersion = 10.0.40219.1
Project("{8BC9CEB8-8B4A-11D0-8D11-00A0C91BC942}") = "RandomNumber_KhoaNguyen", "RandomNumber_KhoaNguyen\RandomNumber_KhoaNguyen.vcxproj", "{BD937BCA-0362-4607-8D1C-3D5C07C0AD64}"
EndProject
Global
	GlobalSection(SolutionConfigurationPlatforms) = preSolution
		Debug|x64 = Debug|x64
		Debug|x86 = Debug|x86
		Release|x64 = Release|x64
		Release|x86 = Release|x86
	EndGlobalSection
	GlobalSection(ProjectConfigurationPlatforms) = postSolution
		{BD937BCA-0362-4607-8D1C-3D5C07C0AD64}.Debug|x64.ActiveCfg = Debug|x64
		{BD937BCA-0362-4607-8D1C-3D5C07C0AD64}.Debug|x64.Build.0 = Debug|x64
		{BD937BCA-0362-4607-8D1C-3D5C07C0AD64}.Debug|x86.ActiveCfg = Debug|Win32
		{BD937BCA-0362-4607-8D1C-3D5C07C0AD64}.Debug|x86.Build.0 = Debug|Win32
		{BD937BCA-0362-4607-8D1C-3D5C07C0AD64}.Release|x64.ActiveCfg = Release|x64
		{BD937BCA-0362-4607-8D1C-3D5C07C0AD64}.Release|x64.Build.0 = Release|x64
		{BD937BCA-0362-4607-8D1C-3D5C07C0AD64}.Release|x86.ActiveCfg = Release|Win32
		{BD937BCA-0362-4607-8D1C-3D5C07C0AD64}.Release|x86.Build.0 = Release|Win32
	EndGlobalSection
	GlobalSection(SolutionProperties) = preSolution
		HideSolutionNode = FALSE
	EndGlobalSection
	GlobalSection(ExtensibilityGlobals) = postSolution
		SolutionGuid = {BCAE36D2-F55D-4480-85DD-79568E11C92C}
	EndGlobalSection
EndGlobal
